
Microsoft Visual Studio Solution File, Format Version 12.00
# Visual Studio Version 17
VisualStudioVersion = 17.7.34221.43
MinimumVisualStudioVersion = 10.0.40219.1
Project("{FAE04EC0-301F-11D3-BF4B-00C04F79EFBC}") = "WindowsFormsApp1", "WindowsFormsApp1\WindowsFormsApp1.csproj", "{22202318-1869-4B5A-BA0A-5EA186914F40}"
EndProject
Global
	GlobalSection(SolutionConfigurationPlatforms) = preSolution
		Debug|Any CPU = Debug|Any CPU
		Release|Any CPU = Release|Any CPU
	EndGlobalSection
	GlobalSection(ProjectConfigurationPlatforms) = postSolution
		{22202318-1869-4B5A-BA0A-5EA186914F40}.Debug|Any CPU.ActiveCfg = Debug|Any CPU
		{22202318-1869-4B5A-BA0A-5EA186914F40}.Debug|Any CPU.Build.0 = Debug|Any CPU
		{22202318-1869-4B5A-BA0A-5EA186914F40}.Release|Any CPU.ActiveCfg = Release|Any CPU
		{22202318-1869-4B5A-BA0A-5EA186914F40}.Release|Any CPU.Build.0 = Release|Any CPU
	EndGlobalSection
	GlobalSection(SolutionProperties) = preSolution
		HideSolutionNode = FALSE
	EndGlobalSection
	GlobalSection(ExtensibilityGlobals) = postSolution
		SolutionGuid = {D168EC01-D66F-4D7F-AA0E-D56B391A4C84}
	EndGlobalSection
EndGlobal
